
Microsoft Visual Studio Solution File, Format Version 12.00
# Visual Studio 2012
Project("{FAE04EC0-301F-11D3-BF4B-00C04F79EFBC}") = "TransactSqlHelpers", "TransactSqlHelpers\TransactSqlHelpers.csproj", "{F94E0E70-46D7-46F9-B7C5-5543D2BE46C0}"
EndProject
Project("{FAE04EC0-301F-11D3-BF4B-00C04F79EFBC}") = "Tests", "Tests\Tests.csproj", "{D2C40274-638C-4770-81FC-0AB0248AA537}"
EndProject
Project("{2150E333-8FDC-42A3-9474-1A3956D46DE8}") = ".nuget", ".nuget", "{9D50945E-41AF-455D-9717-FC1F27A57EA3}"
	ProjectSection(SolutionItems) = preProject
		.nuget\packages.config = .nuget\packages.config
	EndProjectSection
EndProject
Project("{FAE04EC0-301F-11D3-BF4B-00C04F79EFBC}") = "TransactSqlHelpers-Net-3.5", "TransactSqlHelpers-Net-3.5\TransactSqlHelpers-Net-3.5.csproj", "{7CA06CF5-B9C2-4A99-B6BB-A3E18E1EE6D4}"
EndProject
Project("{FAE04EC0-301F-11D3-BF4B-00C04F79EFBC}") = "Tests-Net-3.5", "Tests-Net-3.5\Tests-Net-3.5.csproj", "{128EC45D-387F-4E87-95A5-D380A8569692}"
EndProject
Global
	GlobalSection(SolutionConfigurationPlatforms) = preSolution
		Debug|Any CPU = Debug|Any CPU
		Release|Any CPU = Release|Any CPU
	EndGlobalSection
	GlobalSection(ProjectConfigurationPlatforms) = postSolution
		{F94E0E70-46D7-46F9-B7C5-5543D2BE46C0}.Debug|Any CPU.ActiveCfg = Debug|Any CPU
		{F94E0E70-46D7-46F9-B7C5-5543D2BE46C0}.Debug|Any CPU.Build.0 = Debug|Any CPU
		{F94E0E70-46D7-46F9-B7C5-5543D2BE46C0}.Release|Any CPU.ActiveCfg = Release|Any CPU
		{F94E0E70-46D7-46F9-B7C5-5543D2BE46C0}.Release|Any CPU.Build.0 = Release|Any CPU
		{D2C40274-638C-4770-81FC-0AB0248AA537}.Debug|Any CPU.ActiveCfg = Debug|Any CPU
		{D2C40274-638C-4770-81FC-0AB0248AA537}.Debug|Any CPU.Build.0 = Debug|Any CPU
		{D2C40274-638C-4770-81FC-0AB0248AA537}.Release|Any CPU.ActiveCfg = Release|Any CPU
		{D2C40274-638C-4770-81FC-0AB0248AA537}.Release|Any CPU.Build.0 = Release|Any CPU
		{7CA06CF5-B9C2-4A99-B6BB-A3E18E1EE6D4}.Debug|Any CPU.ActiveCfg = Debug|Any CPU
		{7CA06CF5-B9C2-4A99-B6BB-A3E18E1EE6D4}.Debug|Any CPU.Build.0 = Debug|Any CPU
		{7CA06CF5-B9C2-4A99-B6BB-A3E18E1EE6D4}.Release|Any CPU.ActiveCfg = Release|Any CPU
		{7CA06CF5-B9C2-4A99-B6BB-A3E18E1EE6D4}.Release|Any CPU.Build.0 = Release|Any CPU
		{128EC45D-387F-4E87-95A5-D380A8569692}.Debug|Any CPU.ActiveCfg = Debug|Any CPU
		{128EC45D-387F-4E87-95A5-D380A8569692}.Debug|Any CPU.Build.0 = Debug|Any CPU
		{128EC45D-387F-4E87-95A5-D380A8569692}.Release|Any CPU.ActiveCfg = Release|Any CPU
		{128EC45D-387F-4E87-95A5-D380A8569692}.Release|Any CPU.Build.0 = Release|Any CPU
	EndGlobalSection
	GlobalSection(SolutionProperties) = preSolution
		HideSolutionNode = FALSE
	EndGlobalSection
EndGlobal
